
Microsoft Visual Studio Solution File, Format Version 12.00
# Visual Studio Version 17
VisualStudioVersion = 17.8.34511.84
MinimumVisualStudioVersion = 10.0.40219.1
Project("{2150E333-8FDC-42A3-9474-1A3956D46DE8}") = "Source", "Source", "{7F7B71C1-DC27-494E-8167-72F75795F4C3}"
EndProject
Project("{2150E333-8FDC-42A3-9474-1A3956D46DE8}") = "Backend", "Backend", "{AB7F8F42-BDD9-4933-9FF9-0B40E1A578FF}"
EndProject
Project("{2150E333-8FDC-42A3-9474-1A3956D46DE8}") = "Platforms", "Platforms", "{B61F197A-82AB-4309-9345-6A2FBFE2C629}"
EndProject
Project("{2150E333-8FDC-42A3-9474-1A3956D46DE8}") = "Tests", "Tests", "{BFAE9A9A-EF1B-44A5-9DF3-78268A006DF9}"
EndProject
Project("{9A19103F-16F7-4668-BE54-9A1E7A4F7556}") = "SpaceInvaderMVVM.DataContracts", "SpaceInvaderMVVM.DataContracts\SpaceInvaderMVVM.DataContracts.csproj", "{230E1CF9-24E7-404D-A607-635514F0959A}"
EndProject
Project("{9A19103F-16F7-4668-BE54-9A1E7A4F7556}") = "SpaceInvaderMVVM", "SpaceInvaderMVVM\SpaceInvaderMVVM.csproj", "{A5BCA68D-A9B2-42B3-BFA8-E3F2A8DB1891}"
EndProject
Project("{9A19103F-16F7-4668-BE54-9A1E7A4F7556}") = "SpaceInvaderMVVM.UITests", "SpaceInvaderMVVM.UITests\SpaceInvaderMVVM.UITests.csproj", "{E85CD475-3A93-43A6-A27B-25EE057298D7}"
EndProject
Project("{9A19103F-16F7-4668-BE54-9A1E7A4F7556}") = "SpaceInvaderMVVM.Tests", "SpaceInvaderMVVM.Tests\SpaceInvaderMVVM.Tests.csproj", "{1D442851-42D4-4DFF-92C9-734EFBC20543}"
EndProject
Project("{9A19103F-16F7-4668-BE54-9A1E7A4F7556}") = "SpaceInvaderMVVM.Windows", "SpaceInvaderMVVM.Windows\SpaceInvaderMVVM.Windows.csproj", "{A581710C-C9A9-4320-A9B8-B687AB2E767A}"
EndProject
Project("{9A19103F-16F7-4668-BE54-9A1E7A4F7556}") = "SpaceInvaderMVVM.Shared", "SpaceInvaderMVVM.Shared\SpaceInvaderMVVM.Shared.csproj", "{6D58CE56-7AAA-4E32-AF07-0EB2EB3CF703}"
EndProject
Project("{9A19103F-16F7-4668-BE54-9A1E7A4F7556}") = "SpaceInvaderMVVM.Server", "SpaceInvaderMVVM.Server\SpaceInvaderMVVM.Server.csproj", "{F650CE1F-040E-40AC-95B0-FA3C34AE5B3D}"
EndProject
Project("{2150E333-8FDC-42A3-9474-1A3956D46DE8}") = "Solution Items", "Solution Items", "{B1AB48E1-AA0A-4F5D-8352-1B9C5E59EBC7}"
	ProjectSection(SolutionItems) = preProject
		.gitignore = .gitignore
		Directory.Build.props = Directory.Build.props
		Directory.Build.targets = Directory.Build.targets
		Directory.Packages.props = Directory.Packages.props
		solution-config.props.sample = solution-config.props.sample
	EndProjectSection
EndProject
Global
	GlobalSection(SolutionConfigurationPlatforms) = preSolution
		Debug|Any CPU = Debug|Any CPU
		Debug|arm64 = Debug|arm64
		Debug|x64 = Debug|x64
		Debug|x86 = Debug|x86
		Release|Any CPU = Release|Any CPU
		Release|arm64 = Release|arm64
		Release|x64 = Release|x64
		Release|x86 = Release|x86
	EndGlobalSection
	GlobalSection(ProjectConfigurationPlatforms) = postSolution
		{230E1CF9-24E7-404D-A607-635514F0959A}.Debug|Any CPU.ActiveCfg = Debug|Any CPU
		{230E1CF9-24E7-404D-A607-635514F0959A}.Debug|Any CPU.Build.0 = Debug|Any CPU
		{230E1CF9-24E7-404D-A607-635514F0959A}.Debug|arm64.ActiveCfg = Debug|Any CPU
		{230E1CF9-24E7-404D-A607-635514F0959A}.Debug|arm64.Build.0 = Debug|Any CPU
		{230E1CF9-24E7-404D-A607-635514F0959A}.Debug|x64.ActiveCfg = Debug|Any CPU
		{230E1CF9-24E7-404D-A607-635514F0959A}.Debug|x64.Build.0 = Debug|Any CPU
		{230E1CF9-24E7-404D-A607-635514F0959A}.Debug|x86.ActiveCfg = Debug|Any CPU
		{230E1CF9-24E7-404D-A607-635514F0959A}.Debug|x86.Build.0 = Debug|Any CPU
		{230E1CF9-24E7-404D-A607-635514F0959A}.Release|Any CPU.ActiveCfg = Release|Any CPU
		{230E1CF9-24E7-404D-A607-635514F0959A}.Release|Any CPU.Build.0 = Release|Any CPU
		{230E1CF9-24E7-404D-A607-635514F0959A}.Release|arm64.ActiveCfg = Release|Any CPU
		{230E1CF9-24E7-404D-A607-635514F0959A}.Release|arm64.Build.0 = Release|Any CPU
		{230E1CF9-24E7-404D-A607-635514F0959A}.Release|x64.ActiveCfg = Release|Any CPU
		{230E1CF9-24E7-404D-A607-635514F0959A}.Release|x64.Build.0 = Release|Any CPU
		{230E1CF9-24E7-404D-A607-635514F0959A}.Release|x86.ActiveCfg = Release|Any CPU
		{230E1CF9-24E7-404D-A607-635514F0959A}.Release|x86.Build.0 = Release|Any CPU
		{A5BCA68D-A9B2-42B3-BFA8-E3F2A8DB1891}.Debug|Any CPU.ActiveCfg = Debug|Any CPU
		{A5BCA68D-A9B2-42B3-BFA8-E3F2A8DB1891}.Debug|Any CPU.Build.0 = Debug|Any CPU
		{A5BCA68D-A9B2-42B3-BFA8-E3F2A8DB1891}.Debug|arm64.ActiveCfg = Debug|Any CPU
		{A5BCA68D-A9B2-42B3-BFA8-E3F2A8DB1891}.Debug|arm64.Build.0 = Debug|Any CPU
		{A5BCA68D-A9B2-42B3-BFA8-E3F2A8DB1891}.Debug|x64.ActiveCfg = Debug|Any CPU
		{A5BCA68D-A9B2-42B3-BFA8-E3F2A8DB1891}.Debug|x64.Build.0 = Debug|Any CPU
		{A5BCA68D-A9B2-42B3-BFA8-E3F2A8DB1891}.Debug|x86.ActiveCfg = Debug|Any CPU
		{A5BCA68D-A9B2-42B3-BFA8-E3F2A8DB1891}.Debug|x86.Build.0 = Debug|Any CPU
		{A5BCA68D-A9B2-42B3-BFA8-E3F2A8DB1891}.Release|Any CPU.ActiveCfg = Release|Any CPU
		{A5BCA68D-A9B2-42B3-BFA8-E3F2A8DB1891}.Release|Any CPU.Build.0 = Release|Any CPU
		{A5BCA68D-A9B2-42B3-BFA8-E3F2A8DB1891}.Release|arm64.ActiveCfg = Release|Any CPU
		{A5BCA68D-A9B2-42B3-BFA8-E3F2A8DB1891}.Release|arm64.Build.0 = Release|Any CPU
		{A5BCA68D-A9B2-42B3-BFA8-E3F2A8DB1891}.Release|x64.ActiveCfg = Release|Any CPU
		{A5BCA68D-A9B2-42B3-BFA8-E3F2A8DB1891}.Release|x64.Build.0 = Release|Any CPU
		{A5BCA68D-A9B2-42B3-BFA8-E3F2A8DB1891}.Release|x86.ActiveCfg = Release|Any CPU
		{A5BCA68D-A9B2-42B3-BFA8-E3F2A8DB1891}.Release|x86.Build.0 = Release|Any CPU
		{E85CD475-3A93-43A6-A27B-25EE057298D7}.Debug|Any CPU.ActiveCfg = Debug|Any CPU
		{E85CD475-3A93-43A6-A27B-25EE057298D7}.Debug|Any CPU.Build.0 = Debug|Any CPU
		{E85CD475-3A93-43A6-A27B-25EE057298D7}.Debug|arm64.ActiveCfg = Debug|Any CPU
		{E85CD475-3A93-43A6-A27B-25EE057298D7}.Debug|arm64.Build.0 = Debug|Any CPU
		{E85CD475-3A93-43A6-A27B-25EE057298D7}.Debug|x64.ActiveCfg = Debug|Any CPU
		{E85CD475-3A93-43A6-A27B-25EE057298D7}.Debug|x64.Build.0 = Debug|Any CPU
		{E85CD475-3A93-43A6-A27B-25EE057298D7}.Debug|x86.ActiveCfg = Debug|Any CPU
		{E85CD475-3A93-43A6-A27B-25EE057298D7}.Debug|x86.Build.0 = Debug|Any CPU
		{E85CD475-3A93-43A6-A27B-25EE057298D7}.Release|Any CPU.ActiveCfg = Release|Any CPU
		{E85CD475-3A93-43A6-A27B-25EE057298D7}.Release|Any CPU.Build.0 = Release|Any CPU
		{E85CD475-3A93-43A6-A27B-25EE057298D7}.Release|arm64.ActiveCfg = Release|Any CPU
		{E85CD475-3A93-43A6-A27B-25EE057298D7}.Release|arm64.Build.0 = Release|Any CPU
		{E85CD475-3A93-43A6-A27B-25EE057298D7}.Release|x64.ActiveCfg = Release|Any CPU
		{E85CD475-3A93-43A6-A27B-25EE057298D7}.Release|x64.Build.0 = Release|Any CPU
		{E85CD475-3A93-43A6-A27B-25EE057298D7}.Release|x86.ActiveCfg = Release|Any CPU
		{E85CD475-3A93-43A6-A27B-25EE057298D7}.Release|x86.Build.0 = Release|Any CPU
		{1D442851-42D4-4DFF-92C9-734EFBC20543}.Debug|Any CPU.ActiveCfg = Debug|Any CPU
		{1D442851-42D4-4DFF-92C9-734EFBC20543}.Debug|Any CPU.Build.0 = Debug|Any CPU
		{1D442851-42D4-4DFF-92C9-734EFBC20543}.Debug|arm64.ActiveCfg = Debug|Any CPU
		{1D442851-42D4-4DFF-92C9-734EFBC20543}.Debug|arm64.Build.0 = Debug|Any CPU
		{1D442851-42D4-4DFF-92C9-734EFBC20543}.Debug|x64.ActiveCfg = Debug|Any CPU
		{1D442851-42D4-4DFF-92C9-734EFBC20543}.Debug|x64.Build.0 = Debug|Any CPU
		{1D442851-42D4-4DFF-92C9-734EFBC20543}.Debug|x86.ActiveCfg = Debug|Any CPU
		{1D442851-42D4-4DFF-92C9-734EFBC20543}.Debug|x86.Build.0 = Debug|Any CPU
		{1D442851-42D4-4DFF-92C9-734EFBC20543}.Release|Any CPU.ActiveCfg = Release|Any CPU
		{1D442851-42D4-4DFF-92C9-734EFBC20543}.Release|Any CPU.Build.0 = Release|Any CPU
		{1D442851-42D4-4DFF-92C9-734EFBC20543}.Release|arm64.ActiveCfg = Release|Any CPU
		{1D442851-42D4-4DFF-92C9-734EFBC20543}.Release|arm64.Build.0 = Release|Any CPU
		{1D442851-42D4-4DFF-92C9-734EFBC20543}.Release|x64.ActiveCfg = Release|Any CPU
		{1D442851-42D4-4DFF-92C9-734EFBC20543}.Release|x64.Build.0 = Release|Any CPU
		{1D442851-42D4-4DFF-92C9-734EFBC20543}.Release|x86.ActiveCfg = Release|Any CPU
		{1D442851-42D4-4DFF-92C9-734EFBC20543}.Release|x86.Build.0 = Release|Any CPU
		{A581710C-C9A9-4320-A9B8-B687AB2E767A}.Debug|Any CPU.ActiveCfg = Debug|x64
		{A581710C-C9A9-4320-A9B8-B687AB2E767A}.Debug|Any CPU.Build.0 = Debug|x64
		{A581710C-C9A9-4320-A9B8-B687AB2E767A}.Debug|Any CPU.Deploy.0 = Debug|x64
		{A581710C-C9A9-4320-A9B8-B687AB2E767A}.Debug|arm64.ActiveCfg = Debug|arm64
		{A581710C-C9A9-4320-A9B8-B687AB2E767A}.Debug|arm64.Build.0 = Debug|arm64
		{A581710C-C9A9-4320-A9B8-B687AB2E767A}.Debug|arm64.Deploy.0 = Debug|arm64
		{A581710C-C9A9-4320-A9B8-B687AB2E767A}.Debug|x64.ActiveCfg = Debug|x64
		{A581710C-C9A9-4320-A9B8-B687AB2E767A}.Debug|x64.Build.0 = Debug|x64
		{A581710C-C9A9-4320-A9B8-B687AB2E767A}.Debug|x64.Deploy.0 = Debug|x64
		{A581710C-C9A9-4320-A9B8-B687AB2E767A}.Debug|x86.ActiveCfg = Debug|x86
		{A581710C-C9A9-4320-A9B8-B687AB2E767A}.Debug|x86.Build.0 = Debug|x86
		{A581710C-C9A9-4320-A9B8-B687AB2E767A}.Debug|x86.Deploy.0 = Debug|x86
		{A581710C-C9A9-4320-A9B8-B687AB2E767A}.Release|Any CPU.ActiveCfg = Release|x64
		{A581710C-C9A9-4320-A9B8-B687AB2E767A}.Release|Any CPU.Build.0 = Release|x64
		{A581710C-C9A9-4320-A9B8-B687AB2E767A}.Release|Any CPU.Deploy.0 = Release|x64
		{A581710C-C9A9-4320-A9B8-B687AB2E767A}.Release|arm64.ActiveCfg = Release|arm64
		{A581710C-C9A9-4320-A9B8-B687AB2E767A}.Release|arm64.Build.0 = Release|arm64
		{A581710C-C9A9-4320-A9B8-B687AB2E767A}.Release|arm64.Deploy.0 = Release|arm64
		{A581710C-C9A9-4320-A9B8-B687AB2E767A}.Release|x64.ActiveCfg = Release|x64
		{A581710C-C9A9-4320-A9B8-B687AB2E767A}.Release|x64.Build.0 = Release|x64
		{A581710C-C9A9-4320-A9B8-B687AB2E767A}.Release|x64.Deploy.0 = Release|x64
		{A581710C-C9A9-4320-A9B8-B687AB2E767A}.Release|x86.ActiveCfg = Release|x86
		{A581710C-C9A9-4320-A9B8-B687AB2E767A}.Release|x86.Build.0 = Release|x86
		{A581710C-C9A9-4320-A9B8-B687AB2E767A}.Release|x86.Deploy.0 = Release|x86
		{6D58CE56-7AAA-4E32-AF07-0EB2EB3CF703}.Debug|Any CPU.ActiveCfg = Debug|Any CPU
		{6D58CE56-7AAA-4E32-AF07-0EB2EB3CF703}.Debug|Any CPU.Build.0 = Debug|Any CPU
		{6D58CE56-7AAA-4E32-AF07-0EB2EB3CF703}.Debug|arm64.ActiveCfg = Debug|Any CPU
		{6D58CE56-7AAA-4E32-AF07-0EB2EB3CF703}.Debug|arm64.Build.0 = Debug|Any CPU
		{6D58CE56-7AAA-4E32-AF07-0EB2EB3CF703}.Debug|x64.ActiveCfg = Debug|Any CPU
		{6D58CE56-7AAA-4E32-AF07-0EB2EB3CF703}.Debug|x64.Build.0 = Debug|Any CPU
		{6D58CE56-7AAA-4E32-AF07-0EB2EB3CF703}.Debug|x86.ActiveCfg = Debug|Any CPU
		{6D58CE56-7AAA-4E32-AF07-0EB2EB3CF703}.Debug|x86.Build.0 = Debug|Any CPU
		{6D58CE56-7AAA-4E32-AF07-0EB2EB3CF703}.Release|Any CPU.ActiveCfg = Release|Any CPU
		{6D58CE56-7AAA-4E32-AF07-0EB2EB3CF703}.Release|Any CPU.Build.0 = Release|Any CPU
		{6D58CE56-7AAA-4E32-AF07-0EB2EB3CF703}.Release|arm64.ActiveCfg = Release|Any CPU
		{6D58CE56-7AAA-4E32-AF07-0EB2EB3CF703}.Release|arm64.Build.0 = Release|Any CPU
		{6D58CE56-7AAA-4E32-AF07-0EB2EB3CF703}.Release|x64.ActiveCfg = Release|Any CPU
		{6D58CE56-7AAA-4E32-AF07-0EB2EB3CF703}.Release|x64.Build.0 = Release|Any CPU
		{6D58CE56-7AAA-4E32-AF07-0EB2EB3CF703}.Release|x86.ActiveCfg = Release|Any CPU
		{6D58CE56-7AAA-4E32-AF07-0EB2EB3CF703}.Release|x86.Build.0 = Release|Any CPU
		{F650CE1F-040E-40AC-95B0-FA3C34AE5B3D}.Debug|Any CPU.ActiveCfg = Debug|Any CPU
		{F650CE1F-040E-40AC-95B0-FA3C34AE5B3D}.Debug|Any CPU.Build.0 = Debug|Any CPU
		{F650CE1F-040E-40AC-95B0-FA3C34AE5B3D}.Debug|arm64.ActiveCfg = Debug|Any CPU
		{F650CE1F-040E-40AC-95B0-FA3C34AE5B3D}.Debug|arm64.Build.0 = Debug|Any CPU
		{F650CE1F-040E-40AC-95B0-FA3C34AE5B3D}.Debug|x64.ActiveCfg = Debug|Any CPU
		{F650CE1F-040E-40AC-95B0-FA3C34AE5B3D}.Debug|x64.Build.0 = Debug|Any CPU
		{F650CE1F-040E-40AC-95B0-FA3C34AE5B3D}.Debug|x86.ActiveCfg = Debug|Any CPU
		{F650CE1F-040E-40AC-95B0-FA3C34AE5B3D}.Debug|x86.Build.0 = Debug|Any CPU
		{F650CE1F-040E-40AC-95B0-FA3C34AE5B3D}.Release|Any CPU.ActiveCfg = Release|Any CPU
		{F650CE1F-040E-40AC-95B0-FA3C34AE5B3D}.Release|Any CPU.Build.0 = Release|Any CPU
		{F650CE1F-040E-40AC-95B0-FA3C34AE5B3D}.Release|arm64.ActiveCfg = Release|Any CPU
		{F650CE1F-040E-40AC-95B0-FA3C34AE5B3D}.Release|arm64.Build.0 = Release|Any CPU
		{F650CE1F-040E-40AC-95B0-FA3C34AE5B3D}.Release|x64.ActiveCfg = Release|Any CPU
		{F650CE1F-040E-40AC-95B0-FA3C34AE5B3D}.Release|x64.Build.0 = Release|Any CPU
		{F650CE1F-040E-40AC-95B0-FA3C34AE5B3D}.Release|x86.ActiveCfg = Release|Any CPU
		{F650CE1F-040E-40AC-95B0-FA3C34AE5B3D}.Release|x86.Build.0 = Release|Any CPU
	EndGlobalSection
	GlobalSection(SolutionProperties) = preSolution
		HideSolutionNode = FALSE
	EndGlobalSection
	GlobalSection(NestedProjects) = preSolution
		{AB7F8F42-BDD9-4933-9FF9-0B40E1A578FF} = {7F7B71C1-DC27-494E-8167-72F75795F4C3}
		{B61F197A-82AB-4309-9345-6A2FBFE2C629} = {7F7B71C1-DC27-494E-8167-72F75795F4C3}
		{230E1CF9-24E7-404D-A607-635514F0959A} = {7F7B71C1-DC27-494E-8167-72F75795F4C3}
		{A5BCA68D-A9B2-42B3-BFA8-E3F2A8DB1891} = {7F7B71C1-DC27-494E-8167-72F75795F4C3}
		{E85CD475-3A93-43A6-A27B-25EE057298D7} = {BFAE9A9A-EF1B-44A5-9DF3-78268A006DF9}
		{1D442851-42D4-4DFF-92C9-734EFBC20543} = {BFAE9A9A-EF1B-44A5-9DF3-78268A006DF9}
		{A581710C-C9A9-4320-A9B8-B687AB2E767A} = {B61F197A-82AB-4309-9345-6A2FBFE2C629}
		{6D58CE56-7AAA-4E32-AF07-0EB2EB3CF703} = {B61F197A-82AB-4309-9345-6A2FBFE2C629}
		{F650CE1F-040E-40AC-95B0-FA3C34AE5B3D} = {AB7F8F42-BDD9-4933-9FF9-0B40E1A578FF}
	EndGlobalSection
	GlobalSection(ExtensibilityGlobals) = postSolution
		SolutionGuid = {BB836C95-CB70-4AB2-AD61-0D37A6716CE1}
	EndGlobalSection
EndGlobal
